// !$*UTF8*$!
{
	archiveVersion = 1;
	classes = {
	};
	objectVersion = 56;
	objects = {

/* Begin PBXBuildFile section */
		5C1D2DA82C274AB300289944 /* UIView+Extension.swift in Sources */ = {isa = PBXBuildFile; fileRef = 5C1D2DA72C274AB300289944 /* UIView+Extension.swift */; };
		5C1D2DAA2C274E9200289944 /* UIImage+Extension.swift in Sources */ = {isa = PBXBuildFile; fileRef = 5C1D2DA92C274E9200289944 /* UIImage+Extension.swift */; };
		5C2E1F022C22C5E0005F7CE7 /* AppDelegate.swift in Sources */ = {isa = PBXBuildFile; fileRef = 5C2E1F012C22C5E0005F7CE7 /* AppDelegate.swift */; };
		5C2E1F042C22C5E0005F7CE7 /* SceneDelegate.swift in Sources */ = {isa = PBXBuildFile; fileRef = 5C2E1F032C22C5E0005F7CE7 /* SceneDelegate.swift */; };
		5C2E1F062C22C5E0005F7CE7 /* PokemonCollectionViewController.swift in Sources */ = {isa = PBXBuildFile; fileRef = 5C2E1F052C22C5E0005F7CE7 /* PokemonCollectionViewController.swift */; };
		5C2E1F092C22C5E0005F7CE7 /* Base in Resources */ = {isa = PBXBuildFile; fileRef = 5C2E1F082C22C5E0005F7CE7 /* Base */; };
		5C2E1F0B2C22C5E1005F7CE7 /* Assets.xcassets in Resources */ = {isa = PBXBuildFile; fileRef = 5C2E1F0A2C22C5E1005F7CE7 /* Assets.xcassets */; };
		5C2E1F0E2C22C5E1005F7CE7 /* Base in Resources */ = {isa = PBXBuildFile; fileRef = 5C2E1F0D2C22C5E1005F7CE7 /* Base */; };
		5C2E1F1B2C22C69D005F7CE7 /* Pokemon.swift in Sources */ = {isa = PBXBuildFile; fileRef = 5C2E1F1A2C22C69D005F7CE7 /* Pokemon.swift */; };
		5C2E1F1D2C22C6B9005F7CE7 /* PokeAPIService.swift in Sources */ = {isa = PBXBuildFile; fileRef = 5C2E1F1C2C22C6B9005F7CE7 /* PokeAPIService.swift */; };
		5C41A4192C280AE600DC2D54 /* CustomLabel.swift in Sources */ = {isa = PBXBuildFile; fileRef = 5C41A4182C280AE600DC2D54 /* CustomLabel.swift */; };
		5C41A41C2C2810E200DC2D54 /* BaseInformationView.swift in Sources */ = {isa = PBXBuildFile; fileRef = 5C41A41B2C2810E200DC2D54 /* BaseInformationView.swift */; };
		5C53042C2C255E5B00E6ACD0 /* LoadingIndicator.swift in Sources */ = {isa = PBXBuildFile; fileRef = 5C53042B2C255E5B00E6ACD0 /* LoadingIndicator.swift */; };
		5C53042E2C25958E00E6ACD0 /* PokemonDetailViewController.swift in Sources */ = {isa = PBXBuildFile; fileRef = 5C53042D2C25958E00E6ACD0 /* PokemonDetailViewController.swift */; };
		5C5304322C25A38400E6ACD0 /* ViewController+Extensions.swift in Sources */ = {isa = PBXBuildFile; fileRef = 5C5304312C25A38400E6ACD0 /* ViewController+Extensions.swift */; };
		5C76E4632C2AAF6000DC0AB8 /* PokemonModel.xcdatamodeld in Sources */ = {isa = PBXBuildFile; fileRef = 5C76E4612C2AAF6000DC0AB8 /* PokemonModel.xcdatamodeld */; };
		5C8744C82C25E5B400E8D0DD /* FavoriteViewController.swift in Sources */ = {isa = PBXBuildFile; fileRef = 5C8744C72C25E5B400E8D0DD /* FavoriteViewController.swift */; };
		5C8744CA2C25F1CE00E8D0DD /* PokemonDetail.swift in Sources */ = {isa = PBXBuildFile; fileRef = 5C8744C92C25F1CE00E8D0DD /* PokemonDetail.swift */; };
		5CA50A932C25FF9F00FAF41D /* InformationViewController.swift in Sources */ = {isa = PBXBuildFile; fileRef = 5CA50A922C25FF9F00FAF41D /* InformationViewController.swift */; };
		5CA50A952C25FFB400FAF41D /* StatsViewController.swift in Sources */ = {isa = PBXBuildFile; fileRef = 5CA50A942C25FFB400FAF41D /* StatsViewController.swift */; };
		5CA50A972C2604F600FAF41D /* BaseViewController.swift in Sources */ = {isa = PBXBuildFile; fileRef = 5CA50A962C2604F600FAF41D /* BaseViewController.swift */; };
		5CA50A9A2C2618E600FAF41D /* Color+Extension.swift in Sources */ = {isa = PBXBuildFile; fileRef = 5CA50A992C2618E600FAF41D /* Color+Extension.swift */; };
		5CC342FE2C29234C0077BD01 /* InformationCollectionViewCell.swift in Sources */ = {isa = PBXBuildFile; fileRef = 5CC342FD2C29234C0077BD01 /* InformationCollectionViewCell.swift */; };
		5CC343002C2923610077BD01 /* InformationCollectionReusableView.swift in Sources */ = {isa = PBXBuildFile; fileRef = 5CC342FF2C2923610077BD01 /* InformationCollectionReusableView.swift */; };
		5CC343022C2924320077BD01 /* TagFlowLayout.swift in Sources */ = {isa = PBXBuildFile; fileRef = 5CC343012C2924320077BD01 /* TagFlowLayout.swift */; };
		5CC343042C2950560077BD01 /* StatProgressView.swift in Sources */ = {isa = PBXBuildFile; fileRef = 5CC343032C2950560077BD01 /* StatProgressView.swift */; };
		5CC343082C295AFF0077BD01 /* FavoriteManager.swift in Sources */ = {isa = PBXBuildFile; fileRef = 5CC343072C295AFF0077BD01 /* FavoriteManager.swift */; };
		5CC3430A2C296FFC0077BD01 /* FavoriteTableViewCell.swift in Sources */ = {isa = PBXBuildFile; fileRef = 5CC343092C296FFC0077BD01 /* FavoriteTableViewCell.swift */; };
		5CC3430F2C2A74DF0077BD01 /* SDWebImage in Frameworks */ = {isa = PBXBuildFile; productRef = 5CC3430E2C2A74DF0077BD01 /* SDWebImage */; };
		5CC343112C2A74DF0077BD01 /* SDWebImageMapKit in Frameworks */ = {isa = PBXBuildFile; productRef = 5CC343102C2A74DF0077BD01 /* SDWebImageMapKit */; };
		5CC343132C2A74FF0077BD01 /* UIImageView+Extension.swift in Sources */ = {isa = PBXBuildFile; fileRef = 5CC343122C2A74FF0077BD01 /* UIImageView+Extension.swift */; };
		5CEDB5852C23309600EB6758 /* PokemonCollectionViewCell.swift in Sources */ = {isa = PBXBuildFile; fileRef = 5CEDB5842C23309600EB6758 /* PokemonCollectionViewCell.swift */; };
		5CEDB58A2C2362A500EB6758 /* Utils.swift in Sources */ = {isa = PBXBuildFile; fileRef = 5CEDB5892C2362A500EB6758 /* Utils.swift */; };
/* End PBXBuildFile section */

/* Begin PBXFileReference section */
		5C1D2DA72C274AB300289944 /* UIView+Extension.swift */ = {isa = PBXFileReference; lastKnownFileType = sourcecode.swift; path = "UIView+Extension.swift"; sourceTree = "<group>"; };
		5C1D2DA92C274E9200289944 /* UIImage+Extension.swift */ = {isa = PBXFileReference; lastKnownFileType = sourcecode.swift; path = "UIImage+Extension.swift"; sourceTree = "<group>"; };
		5C2E1EFE2C22C5E0005F7CE7 /* PokeInformation.app */ = {isa = PBXFileReference; explicitFileType = wrapper.application; includeInIndex = 0; path = PokeInformation.app; sourceTree = BUILT_PRODUCTS_DIR; };
		5C2E1F012C22C5E0005F7CE7 /* AppDelegate.swift */ = {isa = PBXFileReference; lastKnownFileType = sourcecode.swift; path = AppDelegate.swift; sourceTree = "<group>"; };
		5C2E1F032C22C5E0005F7CE7 /* SceneDelegate.swift */ = {isa = PBXFileReference; lastKnownFileType = sourcecode.swift; path = SceneDelegate.swift; sourceTree = "<group>"; };
		5C2E1F052C22C5E0005F7CE7 /* PokemonCollectionViewController.swift */ = {isa = PBXFileReference; lastKnownFileType = sourcecode.swift; path = PokemonCollectionViewController.swift; sourceTree = "<group>"; };
		5C2E1F082C22C5E0005F7CE7 /* Base */ = {isa = PBXFileReference; lastKnownFileType = file.storyboard; name = Base; path = Base.lproj/Main.storyboard; sourceTree = "<group>"; };
		5C2E1F0A2C22C5E1005F7CE7 /* Assets.xcassets */ = {isa = PBXFileReference; lastKnownFileType = folder.assetcatalog; path = Assets.xcassets; sourceTree = "<group>"; };
		5C2E1F0D2C22C5E1005F7CE7 /* Base */ = {isa = PBXFileReference; lastKnownFileType = file.storyboard; name = Base; path = Base.lproj/LaunchScreen.storyboard; sourceTree = "<group>"; };
		5C2E1F0F2C22C5E1005F7CE7 /* Info.plist */ = {isa = PBXFileReference; lastKnownFileType = text.plist.xml; path = Info.plist; sourceTree = "<group>"; };
		5C2E1F1A2C22C69D005F7CE7 /* Pokemon.swift */ = {isa = PBXFileReference; lastKnownFileType = sourcecode.swift; path = Pokemon.swift; sourceTree = "<group>"; };
		5C2E1F1C2C22C6B9005F7CE7 /* PokeAPIService.swift */ = {isa = PBXFileReference; lastKnownFileType = sourcecode.swift; path = PokeAPIService.swift; sourceTree = "<group>"; };
		5C41A4182C280AE600DC2D54 /* CustomLabel.swift */ = {isa = PBXFileReference; lastKnownFileType = sourcecode.swift; path = CustomLabel.swift; sourceTree = "<group>"; };
		5C41A41B2C2810E200DC2D54 /* BaseInformationView.swift */ = {isa = PBXFileReference; lastKnownFileType = sourcecode.swift; path = BaseInformationView.swift; sourceTree = "<group>"; };
		5C53042B2C255E5B00E6ACD0 /* LoadingIndicator.swift */ = {isa = PBXFileReference; lastKnownFileType = sourcecode.swift; path = LoadingIndicator.swift; sourceTree = "<group>"; };
		5C53042D2C25958E00E6ACD0 /* PokemonDetailViewController.swift */ = {isa = PBXFileReference; lastKnownFileType = sourcecode.swift; path = PokemonDetailViewController.swift; sourceTree = "<group>"; };
		5C5304312C25A38400E6ACD0 /* ViewController+Extensions.swift */ = {isa = PBXFileReference; lastKnownFileType = sourcecode.swift; path = "ViewController+Extensions.swift"; sourceTree = "<group>"; };
		5C76E4622C2AAF6000DC0AB8 /* Model.xcdatamodel */ = {isa = PBXFileReference; lastKnownFileType = wrapper.xcdatamodel; path = Model.xcdatamodel; sourceTree = "<group>"; };
		5C8744C72C25E5B400E8D0DD /* FavoriteViewController.swift */ = {isa = PBXFileReference; lastKnownFileType = sourcecode.swift; path = FavoriteViewController.swift; sourceTree = "<group>"; };
		5C8744C92C25F1CE00E8D0DD /* PokemonDetail.swift */ = {isa = PBXFileReference; lastKnownFileType = sourcecode.swift; path = PokemonDetail.swift; sourceTree = "<group>"; };
		5CA50A922C25FF9F00FAF41D /* InformationViewController.swift */ = {isa = PBXFileReference; lastKnownFileType = sourcecode.swift; path = InformationViewController.swift; sourceTree = "<group>"; };
		5CA50A942C25FFB400FAF41D /* StatsViewController.swift */ = {isa = PBXFileReference; lastKnownFileType = sourcecode.swift; path = StatsViewController.swift; sourceTree = "<group>"; };
		5CA50A962C2604F600FAF41D /* BaseViewController.swift */ = {isa = PBXFileReference; lastKnownFileType = sourcecode.swift; path = BaseViewController.swift; sourceTree = "<group>"; };
		5CA50A992C2618E600FAF41D /* Color+Extension.swift */ = {isa = PBXFileReference; lastKnownFileType = sourcecode.swift; path = "Color+Extension.swift"; sourceTree = "<group>"; };
		5CC342FD2C29234C0077BD01 /* InformationCollectionViewCell.swift */ = {isa = PBXFileReference; lastKnownFileType = sourcecode.swift; path = InformationCollectionViewCell.swift; sourceTree = "<group>"; };
		5CC342FF2C2923610077BD01 /* InformationCollectionReusableView.swift */ = {isa = PBXFileReference; lastKnownFileType = sourcecode.swift; path = InformationCollectionReusableView.swift; sourceTree = "<group>"; };
		5CC343012C2924320077BD01 /* TagFlowLayout.swift */ = {isa = PBXFileReference; lastKnownFileType = sourcecode.swift; path = TagFlowLayout.swift; sourceTree = "<group>"; };
		5CC343032C2950560077BD01 /* StatProgressView.swift */ = {isa = PBXFileReference; lastKnownFileType = sourcecode.swift; path = StatProgressView.swift; sourceTree = "<group>"; };
		5CC343072C295AFF0077BD01 /* FavoriteManager.swift */ = {isa = PBXFileReference; lastKnownFileType = sourcecode.swift; path = FavoriteManager.swift; sourceTree = "<group>"; };
		5CC343092C296FFC0077BD01 /* FavoriteTableViewCell.swift */ = {isa = PBXFileReference; lastKnownFileType = sourcecode.swift; path = FavoriteTableViewCell.swift; sourceTree = "<group>"; };
		5CC343122C2A74FF0077BD01 /* UIImageView+Extension.swift */ = {isa = PBXFileReference; lastKnownFileType = sourcecode.swift; path = "UIImageView+Extension.swift"; sourceTree = "<group>"; };
		5CEDB5842C23309600EB6758 /* PokemonCollectionViewCell.swift */ = {isa = PBXFileReference; lastKnownFileType = sourcecode.swift; path = PokemonCollectionViewCell.swift; sourceTree = "<group>"; };
		5CEDB5892C2362A500EB6758 /* Utils.swift */ = {isa = PBXFileReference; lastKnownFileType = sourcecode.swift; path = Utils.swift; sourceTree = "<group>"; };
/* End PBXFileReference section */

/* Begin PBXFrameworksBuildPhase section */
		5C2E1EFB2C22C5E0005F7CE7 /* Frameworks */ = {
			isa = PBXFrameworksBuildPhase;
			buildActionMask = 2147483647;
			files = (
				5CC343112C2A74DF0077BD01 /* SDWebImageMapKit in Frameworks */,
				5CC3430F2C2A74DF0077BD01 /* SDWebImage in Frameworks */,
			);
			runOnlyForDeploymentPostprocessing = 0;
		};
/* End PBXFrameworksBuildPhase section */

/* Begin PBXGroup section */
		5C2E1EF52C22C5E0005F7CE7 = {
			isa = PBXGroup;
			children = (
				5C2E1F002C22C5E0005F7CE7 /* PokeInformation */,
				5C2E1EFF2C22C5E0005F7CE7 /* Products */,
			);
			sourceTree = "<group>";
		};
		5C2E1EFF2C22C5E0005F7CE7 /* Products */ = {
			isa = PBXGroup;
			children = (
				5C2E1EFE2C22C5E0005F7CE7 /* PokeInformation.app */,
			);
			name = Products;
			sourceTree = "<group>";
		};
		5C2E1F002C22C5E0005F7CE7 /* PokeInformation */ = {
			isa = PBXGroup;
			children = (
				5CA50A982C2618AF00FAF41D /* Extensions */,
				5CEDB5882C23629100EB6758 /* Resource */,
				5C2E1F192C22C67E005F7CE7 /* Delegate */,
				5C2E1F182C22C667005F7CE7 /* View */,
				5C2E1F172C22C65B005F7CE7 /* Model */,
				5C2E1F162C22C653005F7CE7 /* Services */,
				5C2E1F152C22C634005F7CE7 /* Controller */,
				5C2E1F0A2C22C5E1005F7CE7 /* Assets.xcassets */,
				5C2E1F0F2C22C5E1005F7CE7 /* Info.plist */,
				5C76E4612C2AAF6000DC0AB8 /* PokemonModel.xcdatamodeld */,
			);
			path = PokeInformation;
			sourceTree = "<group>";
		};
		5C2E1F152C22C634005F7CE7 /* Controller */ = {
			isa = PBXGroup;
			children = (
				5C2E1F052C22C5E0005F7CE7 /* PokemonCollectionViewController.swift */,
				5C53042D2C25958E00E6ACD0 /* PokemonDetailViewController.swift */,
				5C8744C72C25E5B400E8D0DD /* FavoriteViewController.swift */,
				5CA50A922C25FF9F00FAF41D /* InformationViewController.swift */,
				5CA50A942C25FFB400FAF41D /* StatsViewController.swift */,
				5CA50A962C2604F600FAF41D /* BaseViewController.swift */,
			);
			path = Controller;
			sourceTree = "<group>";
		};
		5C2E1F162C22C653005F7CE7 /* Services */ = {
			isa = PBXGroup;
			children = (
				5C2E1F1C2C22C6B9005F7CE7 /* PokeAPIService.swift */,
			);
			path = Services;
			sourceTree = "<group>";
		};
		5C2E1F172C22C65B005F7CE7 /* Model */ = {
			isa = PBXGroup;
			children = (
				5C2E1F1A2C22C69D005F7CE7 /* Pokemon.swift */,
				5C8744C92C25F1CE00E8D0DD /* PokemonDetail.swift */,
				5CC343072C295AFF0077BD01 /* FavoriteManager.swift */,
			);
			path = Model;
			sourceTree = "<group>";
		};
		5C2E1F182C22C667005F7CE7 /* View */ = {
			isa = PBXGroup;
			children = (
				5C2E1F072C22C5E0005F7CE7 /* Main.storyboard */,
				5C2E1F0C2C22C5E1005F7CE7 /* LaunchScreen.storyboard */,
				5CEDB5842C23309600EB6758 /* PokemonCollectionViewCell.swift */,
				5CC342FF2C2923610077BD01 /* InformationCollectionReusableView.swift */,
				5CC342FD2C29234C0077BD01 /* InformationCollectionViewCell.swift */,
				5CC343092C296FFC0077BD01 /* FavoriteTableViewCell.swift */,
				5C41A41B2C2810E200DC2D54 /* BaseInformationView.swift */,
				5CC343032C2950560077BD01 /* StatProgressView.swift */,
				5C41A4182C280AE600DC2D54 /* CustomLabel.swift */,
				5CC343012C2924320077BD01 /* TagFlowLayout.swift */,
			);
			path = View;
			sourceTree = "<group>";
		};
		5C2E1F192C22C67E005F7CE7 /* Delegate */ = {
			isa = PBXGroup;
			children = (
				5C2E1F012C22C5E0005F7CE7 /* AppDelegate.swift */,
				5C2E1F032C22C5E0005F7CE7 /* SceneDelegate.swift */,
			);
			path = Delegate;
			sourceTree = "<group>";
		};
		5CA50A982C2618AF00FAF41D /* Extensions */ = {
			isa = PBXGroup;
			children = (
				5CA50A992C2618E600FAF41D /* Color+Extension.swift */,
				5C5304312C25A38400E6ACD0 /* ViewController+Extensions.swift */,
				5C1D2DA72C274AB300289944 /* UIView+Extension.swift */,
				5C1D2DA92C274E9200289944 /* UIImage+Extension.swift */,
				5CC343122C2A74FF0077BD01 /* UIImageView+Extension.swift */,
			);
			path = Extensions;
			sourceTree = "<group>";
		};
		5CEDB5882C23629100EB6758 /* Resource */ = {
			isa = PBXGroup;
			children = (
				5CEDB5892C2362A500EB6758 /* Utils.swift */,
				5C53042B2C255E5B00E6ACD0 /* LoadingIndicator.swift */,
			);
			path = Resource;
			sourceTree = "<group>";
		};
/* End PBXGroup section */

/* Begin PBXNativeTarget section */
		5C2E1EFD2C22C5E0005F7CE7 /* PokeInformation */ = {
			isa = PBXNativeTarget;
			buildConfigurationList = 5C2E1F122C22C5E1005F7CE7 /* Build configuration list for PBXNativeTarget "PokeInformation" */;
			buildPhases = (
				5C2E1EFA2C22C5E0005F7CE7 /* Sources */,
				5C2E1EFB2C22C5E0005F7CE7 /* Frameworks */,
				5C2E1EFC2C22C5E0005F7CE7 /* Resources */,
			);
			buildRules = (
			);
			dependencies = (
			);
			name = PokeInformation;
			packageProductDependencies = (
				5CC3430E2C2A74DF0077BD01 /* SDWebImage */,
				5CC343102C2A74DF0077BD01 /* SDWebImageMapKit */,
			);
			productName = PokeInformation;
			productReference = 5C2E1EFE2C22C5E0005F7CE7 /* PokeInformation.app */;
			productType = "com.apple.product-type.application";
		};
/* End PBXNativeTarget section */

/* Begin PBXProject section */
		5C2E1EF62C22C5E0005F7CE7 /* Project object */ = {
			isa = PBXProject;
			attributes = {
				BuildIndependentTargetsInParallel = 1;
				LastSwiftUpdateCheck = 1540;
				LastUpgradeCheck = 1540;
				TargetAttributes = {
					5C2E1EFD2C22C5E0005F7CE7 = {
						CreatedOnToolsVersion = 15.4;
					};
				};
			};
			buildConfigurationList = 5C2E1EF92C22C5E0005F7CE7 /* Build configuration list for PBXProject "PokeInformation" */;
			compatibilityVersion = "Xcode 14.0";
			developmentRegion = en;
			hasScannedForEncodings = 0;
			knownRegions = (
				en,
				Base,
			);
			mainGroup = 5C2E1EF52C22C5E0005F7CE7;
			packageReferences = (
				5CC3430D2C2A74DE0077BD01 /* XCRemoteSwiftPackageReference "SDWebImage" */,
			);
			productRefGroup = 5C2E1EFF2C22C5E0005F7CE7 /* Products */;
			projectDirPath = "";
			projectRoot = "";
			targets = (
				5C2E1EFD2C22C5E0005F7CE7 /* PokeInformation */,
			);
		};
/* End PBXProject section */

/* Begin PBXResourcesBuildPhase section */
		5C2E1EFC2C22C5E0005F7CE7 /* Resources */ = {
			isa = PBXResourcesBuildPhase;
			buildActionMask = 2147483647;
			files = (
				5C2E1F0B2C22C5E1005F7CE7 /* Assets.xcassets in Resources */,
				5C2E1F0E2C22C5E1005F7CE7 /* Base in Resources */,
				5C2E1F092C22C5E0005F7CE7 /* Base in Resources */,
			);
			runOnlyForDeploymentPostprocessing = 0;
		};
/* End PBXResourcesBuildPhase section */

/* Begin PBXSourcesBuildPhase section */
		5C2E1EFA2C22C5E0005F7CE7 /* Sources */ = {
			isa = PBXSourcesBuildPhase;
			buildActionMask = 2147483647;
			files = (
				5CC343132C2A74FF0077BD01 /* UIImageView+Extension.swift in Sources */,
				5CA50A952C25FFB400FAF41D /* StatsViewController.swift in Sources */,
				5CA50A932C25FF9F00FAF41D /* InformationViewController.swift in Sources */,
				5C2E1F062C22C5E0005F7CE7 /* PokemonCollectionViewController.swift in Sources */,
				5C8744C82C25E5B400E8D0DD /* FavoriteViewController.swift in Sources */,
				5CEDB58A2C2362A500EB6758 /* Utils.swift in Sources */,
				5C2E1F1B2C22C69D005F7CE7 /* Pokemon.swift in Sources */,
				5C1D2DAA2C274E9200289944 /* UIImage+Extension.swift in Sources */,
				5C5304322C25A38400E6ACD0 /* ViewController+Extensions.swift in Sources */,
				5C2E1F022C22C5E0005F7CE7 /* AppDelegate.swift in Sources */,
				5C41A4192C280AE600DC2D54 /* CustomLabel.swift in Sources */,
				5CC343042C2950560077BD01 /* StatProgressView.swift in Sources */,
				5C41A41C2C2810E200DC2D54 /* BaseInformationView.swift in Sources */,
				5CC342FE2C29234C0077BD01 /* InformationCollectionViewCell.swift in Sources */,
				5CC343082C295AFF0077BD01 /* FavoriteManager.swift in Sources */,
				5C53042C2C255E5B00E6ACD0 /* LoadingIndicator.swift in Sources */,
				5C2E1F1D2C22C6B9005F7CE7 /* PokeAPIService.swift in Sources */,
				5CEDB5852C23309600EB6758 /* PokemonCollectionViewCell.swift in Sources */,
				5C1D2DA82C274AB300289944 /* UIView+Extension.swift in Sources */,
				5C2E1F042C22C5E0005F7CE7 /* SceneDelegate.swift in Sources */,
				5CC3430A2C296FFC0077BD01 /* FavoriteTableViewCell.swift in Sources */,
				5CC343002C2923610077BD01 /* InformationCollectionReusableView.swift in Sources */,
				5CC343022C2924320077BD01 /* TagFlowLayout.swift in Sources */,
				5CA50A972C2604F600FAF41D /* BaseViewController.swift in Sources */,
				5CA50A9A2C2618E600FAF41D /* Color+Extension.swift in Sources */,
				5C8744CA2C25F1CE00E8D0DD /* PokemonDetail.swift in Sources */,
				5C53042E2C25958E00E6ACD0 /* PokemonDetailViewController.swift in Sources */,
				5C76E4632C2AAF6000DC0AB8 /* PokemonModel.xcdatamodeld in Sources */,
			);
			runOnlyForDeploymentPostprocessing = 0;
		};
/* End PBXSourcesBuildPhase section */

/* Begin PBXVariantGroup section */
		5C2E1F072C22C5E0005F7CE7 /* Main.storyboard */ = {
			isa = PBXVariantGroup;
			children = (
				5C2E1F082C22C5E0005F7CE7 /* Base */,
			);
			name = Main.storyboard;
			sourceTree = "<group>";
		};
		5C2E1F0C2C22C5E1005F7CE7 /* LaunchScreen.storyboard */ = {
			isa = PBXVariantGroup;
			children = (
				5C2E1F0D2C22C5E1005F7CE7 /* Base */,
			);
			name = LaunchScreen.storyboard;
			sourceTree = "<group>";
		};
/* End PBXVariantGroup section */

/* Begin XCBuildConfiguration section */
		5C2E1F102C22C5E1005F7CE7 /* Debug */ = {
			isa = XCBuildConfiguration;
			buildSettings = {
				ALWAYS_SEARCH_USER_PATHS = NO;
				ASSETCATALOG_COMPILER_GENERATE_SWIFT_ASSET_SYMBOL_EXTENSIONS = YES;
				CLANG_ANALYZER_NONNULL = YES;
				CLANG_ANALYZER_NUMBER_OBJECT_CONVERSION = YES_AGGRESSIVE;
				CLANG_CXX_LANGUAGE_STANDARD = "gnu++20";
				CLANG_ENABLE_MODULES = YES;
				CLANG_ENABLE_OBJC_ARC = YES;
				CLANG_ENABLE_OBJC_WEAK = YES;
				CLANG_WARN_BLOCK_CAPTURE_AUTORELEASING = YES;
				CLANG_WARN_BOOL_CONVERSION = YES;
				CLANG_WARN_COMMA = YES;
				CLANG_WARN_CONSTANT_CONVERSION = YES;
				CLANG_WARN_DEPRECATED_OBJC_IMPLEMENTATIONS = YES;
				CLANG_WARN_DIRECT_OBJC_ISA_USAGE = YES_ERROR;
				CLANG_WARN_DOCUMENTATION_COMMENTS = YES;
				CLANG_WARN_EMPTY_BODY = YES;
				CLANG_WARN_ENUM_CONVERSION = YES;
				CLANG_WARN_INFINITE_RECURSION = YES;
				CLANG_WARN_INT_CONVERSION = YES;
				CLANG_WARN_NON_LITERAL_NULL_CONVERSION = YES;
				CLANG_WARN_OBJC_IMPLICIT_RETAIN_SELF = YES;
				CLANG_WARN_OBJC_LITERAL_CONVERSION = YES;
				CLANG_WARN_OBJC_ROOT_CLASS = YES_ERROR;
				CLANG_WARN_QUOTED_INCLUDE_IN_FRAMEWORK_HEADER = YES;
				CLANG_WARN_RANGE_LOOP_ANALYSIS = YES;
				CLANG_WARN_STRICT_PROTOTYPES = YES;
				CLANG_WARN_SUSPICIOUS_MOVE = YES;
				CLANG_WARN_UNGUARDED_AVAILABILITY = YES_AGGRESSIVE;
				CLANG_WARN_UNREACHABLE_CODE = YES;
				CLANG_WARN__DUPLICATE_METHOD_MATCH = YES;
				COPY_PHASE_STRIP = NO;
				DEBUG_INFORMATION_FORMAT = dwarf;
				ENABLE_STRICT_OBJC_MSGSEND = YES;
				ENABLE_TESTABILITY = YES;
				ENABLE_USER_SCRIPT_SANDBOXING = YES;
				GCC_C_LANGUAGE_STANDARD = gnu17;
				GCC_DYNAMIC_NO_PIC = NO;
				GCC_NO_COMMON_BLOCKS = YES;
				GCC_OPTIMIZATION_LEVEL = 0;
				GCC_PREPROCESSOR_DEFINITIONS = (
					"DEBUG=1",
					"$(inherited)",
				);
				GCC_WARN_64_TO_32_BIT_CONVERSION = YES;
				GCC_WARN_ABOUT_RETURN_TYPE = YES_ERROR;
				GCC_WARN_UNDECLARED_SELECTOR = YES;
				GCC_WARN_UNINITIALIZED_AUTOS = YES_AGGRESSIVE;
				GCC_WARN_UNUSED_FUNCTION = YES;
				GCC_WARN_UNUSED_VARIABLE = YES;
				IPHONEOS_DEPLOYMENT_TARGET = 17.5;
				LOCALIZATION_PREFERS_STRING_CATALOGS = YES;
				MTL_ENABLE_DEBUG_INFO = INCLUDE_SOURCE;
				MTL_FAST_MATH = YES;
				ONLY_ACTIVE_ARCH = YES;
				SDKROOT = iphoneos;
				SWIFT_ACTIVE_COMPILATION_CONDITIONS = "DEBUG $(inherited)";
				SWIFT_OPTIMIZATION_LEVEL = "-Onone";
			};
			name = Debug;
		};
		5C2E1F112C22C5E1005F7CE7 /* Release */ = {
			isa = XCBuildConfiguration;
			buildSettings = {
				ALWAYS_SEARCH_USER_PATHS = NO;
				ASSETCATALOG_COMPILER_GENERATE_SWIFT_ASSET_SYMBOL_EXTENSIONS = YES;
				CLANG_ANALYZER_NONNULL = YES;
				CLANG_ANALYZER_NUMBER_OBJECT_CONVERSION = YES_AGGRESSIVE;
				CLANG_CXX_LANGUAGE_STANDARD = "gnu++20";
				CLANG_ENABLE_MODULES = YES;
				CLANG_ENABLE_OBJC_ARC = YES;
				CLANG_ENABLE_OBJC_WEAK = YES;
				CLANG_WARN_BLOCK_CAPTURE_AUTORELEASING = YES;
				CLANG_WARN_BOOL_CONVERSION = YES;
				CLANG_WARN_COMMA = YES;
				CLANG_WARN_CONSTANT_CONVERSION = YES;
				CLANG_WARN_DEPRECATED_OBJC_IMPLEMENTATIONS = YES;
				CLANG_WARN_DIRECT_OBJC_ISA_USAGE = YES_ERROR;
				CLANG_WARN_DOCUMENTATION_COMMENTS = YES;
				CLANG_WARN_EMPTY_BODY = YES;
				CLANG_WARN_ENUM_CONVERSION = YES;
				CLANG_WARN_INFINITE_RECURSION = YES;
				CLANG_WARN_INT_CONVERSION = YES;
				CLANG_WARN_NON_LITERAL_NULL_CONVERSION = YES;
				CLANG_WARN_OBJC_IMPLICIT_RETAIN_SELF = YES;
				CLANG_WARN_OBJC_LITERAL_CONVERSION = YES;
				CLANG_WARN_OBJC_ROOT_CLASS = YES_ERROR;
				CLANG_WARN_QUOTED_INCLUDE_IN_FRAMEWORK_HEADER = YES;
				CLANG_WARN_RANGE_LOOP_ANALYSIS = YES;
				CLANG_WARN_STRICT_PROTOTYPES = YES;
				CLANG_WARN_SUSPICIOUS_MOVE = YES;
				CLANG_WARN_UNGUARDED_AVAILABILITY = YES_AGGRESSIVE;
				CLANG_WARN_UNREACHABLE_CODE = YES;
				CLANG_WARN__DUPLICATE_METHOD_MATCH = YES;
				COPY_PHASE_STRIP = NO;
				DEBUG_INFORMATION_FORMAT = "dwarf-with-dsym";
				ENABLE_NS_ASSERTIONS = NO;
				ENABLE_STRICT_OBJC_MSGSEND = YES;
				ENABLE_USER_SCRIPT_SANDBOXING = YES;
				GCC_C_LANGUAGE_STANDARD = gnu17;
				GCC_NO_COMMON_BLOCKS = YES;
				GCC_WARN_64_TO_32_BIT_CONVERSION = YES;
				GCC_WARN_ABOUT_RETURN_TYPE = YES_ERROR;
				GCC_WARN_UNDECLARED_SELECTOR = YES;
				GCC_WARN_UNINITIALIZED_AUTOS = YES_AGGRESSIVE;
				GCC_WARN_UNUSED_FUNCTION = YES;
				GCC_WARN_UNUSED_VARIABLE = YES;
				IPHONEOS_DEPLOYMENT_TARGET = 17.5;
				LOCALIZATION_PREFERS_STRING_CATALOGS = YES;
				MTL_ENABLE_DEBUG_INFO = NO;
				MTL_FAST_MATH = YES;
				SDKROOT = iphoneos;
				SWIFT_COMPILATION_MODE = wholemodule;
				VALIDATE_PRODUCT = YES;
			};
			name = Release;
		};
		5C2E1F132C22C5E1005F7CE7 /* Debug */ = {
			isa = XCBuildConfiguration;
			buildSettings = {
				ASSETCATALOG_COMPILER_APPICON_NAME = AppIcon;
				ASSETCATALOG_COMPILER_GLOBAL_ACCENT_COLOR_NAME = AccentColor;
				CODE_SIGN_STYLE = Automatic;
				CURRENT_PROJECT_VERSION = 1;
				GENERATE_INFOPLIST_FILE = YES;
				INFOPLIST_FILE = PokeInformation/Info.plist;
				INFOPLIST_KEY_UIApplicationSupportsIndirectInputEvents = YES;
				INFOPLIST_KEY_UILaunchStoryboardName = LaunchScreen;
				INFOPLIST_KEY_UIMainStoryboardFile = Main;
				INFOPLIST_KEY_UISupportedInterfaceOrientations_iPad = "UIInterfaceOrientationPortrait UIInterfaceOrientationPortraitUpsideDown UIInterfaceOrientationLandscapeLeft UIInterfaceOrientationLandscapeRight";
				INFOPLIST_KEY_UISupportedInterfaceOrientations_iPhone = "UIInterfaceOrientationPortrait UIInterfaceOrientationLandscapeLeft UIInterfaceOrientationLandscapeRight";
				LD_RUNPATH_SEARCH_PATHS = (
					"$(inherited)",
					"@executable_path/Frameworks",
				);
				MARKETING_VERSION = 1.0;
				PRODUCT_BUNDLE_IDENTIFIER = com.example.PokeInformation;
				PRODUCT_NAME = "$(TARGET_NAME)";
				SWIFT_EMIT_LOC_STRINGS = YES;
				SWIFT_VERSION = 5.0;
				TARGETED_DEVICE_FAMILY = "1,2";
			};
			name = Debug;
		};
		5C2E1F142C22C5E1005F7CE7 /* Release */ = {
			isa = XCBuildConfiguration;
			buildSettings = {
				ASSETCATALOG_COMPILER_APPICON_NAME = AppIcon;
				ASSETCATALOG_COMPILER_GLOBAL_ACCENT_COLOR_NAME = AccentColor;
				CODE_SIGN_STYLE = Automatic;
				CURRENT_PROJECT_VERSION = 1;
				GENERATE_INFOPLIST_FILE = YES;
				INFOPLIST_FILE = PokeInformation/Info.plist;
				INFOPLIST_KEY_UIApplicationSupportsIndirectInputEvents = YES;
				INFOPLIST_KEY_UILaunchStoryboardName = LaunchScreen;
				INFOPLIST_KEY_UIMainStoryboardFile = Main;
				INFOPLIST_KEY_UISupportedInterfaceOrientations_iPad = "UIInterfaceOrientationPortrait UIInterfaceOrientationPortraitUpsideDown UIInterfaceOrientationLandscapeLeft UIInterfaceOrientationLandscapeRight";
				INFOPLIST_KEY_UISupportedInterfaceOrientations_iPhone = "UIInterfaceOrientationPortrait UIInterfaceOrientationLandscapeLeft UIInterfaceOrientationLandscapeRight";
				LD_RUNPATH_SEARCH_PATHS = (
					"$(inherited)",
					"@executable_path/Frameworks",
				);
				MARKETING_VERSION = 1.0;
				PRODUCT_BUNDLE_IDENTIFIER = com.example.PokeInformation;
				PRODUCT_NAME = "$(TARGET_NAME)";
				SWIFT_EMIT_LOC_STRINGS = YES;
				SWIFT_VERSION = 5.0;
				TARGETED_DEVICE_FAMILY = "1,2";
			};
			name = Release;
		};
/* End XCBuildConfiguration section */

/* Begin XCConfigurationList section */
		5C2E1EF92C22C5E0005F7CE7 /* Build configuration list for PBXProject "PokeInformation" */ = {
			isa = XCConfigurationList;
			buildConfigurations = (
				5C2E1F102C22C5E1005F7CE7 /* Debug */,
				5C2E1F112C22C5E1005F7CE7 /* Release */,
			);
			defaultConfigurationIsVisible = 0;
			defaultConfigurationName = Release;
		};
		5C2E1F122C22C5E1005F7CE7 /* Build configuration list for PBXNativeTarget "PokeInformation" */ = {
			isa = XCConfigurationList;
			buildConfigurations = (
				5C2E1F132C22C5E1005F7CE7 /* Debug */,
				5C2E1F142C22C5E1005F7CE7 /* Release */,
			);
			defaultConfigurationIsVisible = 0;
			defaultConfigurationName = Release;
		};
/* End XCConfigurationList section */

/* Begin XCRemoteSwiftPackageReference section */
		5CC3430D2C2A74DE0077BD01 /* XCRemoteSwiftPackageReference "SDWebImage" */ = {
			isa = XCRemoteSwiftPackageReference;
			repositoryURL = "https://github.com/SDWebImage/SDWebImage.git";
			requirement = {
				kind = upToNextMajorVersion;
				minimumVersion = 5.19.3;
			};
		};
/* End XCRemoteSwiftPackageReference section */

/* Begin XCSwiftPackageProductDependency section */
		5CC3430E2C2A74DF0077BD01 /* SDWebImage */ = {
			isa = XCSwiftPackageProductDependency;
			package = 5CC3430D2C2A74DE0077BD01 /* XCRemoteSwiftPackageReference "SDWebImage" */;
			productName = SDWebImage;
		};
		5CC343102C2A74DF0077BD01 /* SDWebImageMapKit */ = {
			isa = XCSwiftPackageProductDependency;
			package = 5CC3430D2C2A74DE0077BD01 /* XCRemoteSwiftPackageReference "SDWebImage" */;
			productName = SDWebImageMapKit;
		};
/* End XCSwiftPackageProductDependency section */

/* Begin XCVersionGroup section */
		5C76E4612C2AAF6000DC0AB8 /* PokemonModel.xcdatamodeld */ = {
			isa = XCVersionGroup;
			children = (
				5C76E4622C2AAF6000DC0AB8 /* Model.xcdatamodel */,
			);
			currentVersion = 5C76E4622C2AAF6000DC0AB8 /* Model.xcdatamodel */;
			path = PokemonModel.xcdatamodeld;
			sourceTree = "<group>";
			versionGroupType = wrapper.xcdatamodel;
		};
/* End XCVersionGroup section */
	};
	rootObject = 5C2E1EF62C22C5E0005F7CE7 /* Project object */;
}
